
Microsoft Visual Studio Solution File, Format Version 12.00
# Visual Studio Version 17
VisualStudioVersion = 17.6.33815.320
MinimumVisualStudioVersion = 10.0.40219.1
Project("{FAE04EC0-301F-11D3-BF4B-00C04F79EFBC}") = "Scp575-Exiled8", "Scp939MaxHealth-Exiled880\Scp575-Exiled8.csproj", "{0EFBA00C-A84F-4CA1-8714-8390E9CE993B}"
EndProject
Global
	GlobalSection(SolutionConfigurationPlatforms) = preSolution
		Debug|Any CPU = Debug|Any CPU
		Release|Any CPU = Release|Any CPU
	EndGlobalSection
	GlobalSection(ProjectConfigurationPlatforms) = postSolution
		{0EFBA00C-A84F-4CA1-8714-8390E9CE993B}.Debug|Any CPU.ActiveCfg = Debug|Any CPU
		{0EFBA00C-A84F-4CA1-8714-8390E9CE993B}.Debug|Any CPU.Build.0 = Debug|Any CPU
		{0EFBA00C-A84F-4CA1-8714-8390E9CE993B}.Release|Any CPU.ActiveCfg = Release|Any CPU
		{0EFBA00C-A84F-4CA1-8714-8390E9CE993B}.Release|Any CPU.Build.0 = Release|Any CPU
	EndGlobalSection
	GlobalSection(SolutionProperties) = preSolution
		HideSolutionNode = FALSE
	EndGlobalSection
	GlobalSection(ExtensibilityGlobals) = postSolution
		SolutionGuid = {580B803A-1A17-4181-8357-D6AC85D2FC44}
	EndGlobalSection
EndGlobal
